
Microsoft Visual Studio Solution File, Format Version 12.00
# Visual Studio Version 16
VisualStudioVersion = 16.0.30406.217
MinimumVisualStudioVersion = 10.0.40219.1
Project("{FAE04EC0-301F-11D3-BF4B-00C04F79EFBC}") = "Zero.QuickMoney", "Zero.QuickMoney\Zero.QuickMoney.csproj", "{964A7EE5-EB44-4B5E-B43A-98F885EBE9BC}"
EndProject
Global
	GlobalSection(SolutionConfigurationPlatforms) = preSolution
		Debug|Any CPU = Debug|Any CPU
		Release|Any CPU = Release|Any CPU
	EndGlobalSection
	GlobalSection(ProjectConfigurationPlatforms) = postSolution
		{964A7EE5-EB44-4B5E-B43A-98F885EBE9BC}.Debug|Any CPU.ActiveCfg = Debug|Any CPU
		{964A7EE5-EB44-4B5E-B43A-98F885EBE9BC}.Debug|Any CPU.Build.0 = Debug|Any CPU
		{964A7EE5-EB44-4B5E-B43A-98F885EBE9BC}.Release|Any CPU.ActiveCfg = Release|Any CPU
		{964A7EE5-EB44-4B5E-B43A-98F885EBE9BC}.Release|Any CPU.Build.0 = Release|Any CPU
	EndGlobalSection
	GlobalSection(SolutionProperties) = preSolution
		HideSolutionNode = FALSE
	EndGlobalSection
	GlobalSection(ExtensibilityGlobals) = postSolution
		SolutionGuid = {6B6574E7-7DE9-484F-96B3-D1E49758C6F3}
	EndGlobalSection
EndGlobal
